<?xml version="1.0" encoding="UTF-8" standalone="yes" ?>
<CodeBlocks_project_file>
	<FileVersion major="1" minor="6" />
	<Project>
		<Option title="LinguagemC" />
		<Option pch_mode="2" />
		<Option compiler="gcc" />
		<Build>
			<Target title="Debug">
				<Option output="bin/Debug/LinguagemC" prefix_auto="1" extension_auto="1" />
				<Option object_output="obj/Debug/" />
				<Option type="1" />
				<Option compiler="gcc" />
				<Compiler>
					<Add option="-g" />
				</Compiler>
			</Target>
			<Target title="Release">
				<Option output="bin/Release/LinguagemC" prefix_auto="1" extension_auto="1" />
				<Option object_output="obj/Release/" />
				<Option type="1" />
				<Option compiler="gcc" />
				<Compiler>
					<Add option="-O2" />
				</Compiler>
				<Linker>
					<Add option="-s" />
				</Linker>
			</Target>
		</Build>
		<Compiler>
			<Add option="-Wall" />
		</Compiler>
		<Unit filename="../../Introdução à Linguagem C/exercicios/exercicio01.c">
			<Option compilerVar="CC" />
		</Unit>
		<Unit filename="../../Introdução à Linguagem C/exercicios/exercicio02.c">
			<Option compilerVar="CC" />
		</Unit>
		<Unit filename="../../Introdução à Linguagem C/exercicios/exercicio03.c">
			<Option compilerVar="CC" />
		</Unit>
		<Unit filename="../../Introdução à Linguagem C/exercicios/exercicio04.c">
			<Option compilerVar="CC" />
		</Unit>
		<Unit filename="../../Introdução à Linguagem C/exercicios/exercicio05.c">
			<Option compilerVar="CC" />
		</Unit>
		<Unit filename="../../Introdução à Linguagem C/exercicios/exercicio06.c">
			<Option compilerVar="CC" />
		</Unit>
		<Unit filename="../../Introdução à Linguagem C/exercicios/exercicio07.c">
			<Option compilerVar="CC" />
		</Unit>
		<Unit filename="../../Introdução à Linguagem C/exercicios/exercicio08.c">
			<Option compilerVar="CC" />
		</Unit>
		<Unit filename="../../Introdução à Linguagem C/exercicios/exercicio09.c">
			<Option compilerVar="CC" />
		</Unit>
		<Unit filename="../../Introdução à Linguagem C/exercicios/exercicio10.c">
			<Option compilerVar="CC" />
		</Unit>
		<Unit filename="../../Introdução à Linguagem C/exercicios/exercicio11.c">
			<Option compilerVar="CC" />
		</Unit>
		<Unit filename="../../Introdução à Linguagem C/exercicios/exercicio12.c">
			<Option compilerVar="CC" />
		</Unit>
		<Unit filename="../../Introdução à Linguagem C/exercicios/exercicio13.c">
			<Option compilerVar="CC" />
		</Unit>
		<Unit filename="main.c">
			<Option compilerVar="CC" />
		</Unit>
		<Extensions>
			<code_completion />
			<envvars />
			<debugger />
		</Extensions>
	</Project>
</CodeBlocks_project_file>
